
Microsoft Visual Studio Solution File, Format Version 12.00
# Visual Studio Version 16
VisualStudioVersion = 16.0.29209.62
MinimumVisualStudioVersion = 10.0.40219.1
Project("{FAE04EC0-301F-11D3-BF4B-00C04F79EFBC}") = "GeodeticFunctions", "GeodeticFunctions.csproj", "{0E0EF711-C2A2-4C8B-A322-7742834BCE64}"
EndProject
Project("{FAE04EC0-301F-11D3-BF4B-00C04F79EFBC}") = "GeodeticFunctionsTests", "..\GeodeticFunctionsTests\GeodeticFunctionsTests.csproj", "{40803771-4539-423C-8AE6-A0E3048BE304}"
EndProject
Global
	GlobalSection(SolutionConfigurationPlatforms) = preSolution
		Debug|Any CPU = Debug|Any CPU
		Release|Any CPU = Release|Any CPU
	EndGlobalSection
	GlobalSection(ProjectConfigurationPlatforms) = postSolution
		{0E0EF711-C2A2-4C8B-A322-7742834BCE64}.Debug|Any CPU.ActiveCfg = Debug|Any CPU
		{0E0EF711-C2A2-4C8B-A322-7742834BCE64}.Debug|Any CPU.Build.0 = Debug|Any CPU
		{0E0EF711-C2A2-4C8B-A322-7742834BCE64}.Release|Any CPU.ActiveCfg = Release|Any CPU
		{0E0EF711-C2A2-4C8B-A322-7742834BCE64}.Release|Any CPU.Build.0 = Release|Any CPU
		{40803771-4539-423C-8AE6-A0E3048BE304}.Debug|Any CPU.ActiveCfg = Debug|Any CPU
		{40803771-4539-423C-8AE6-A0E3048BE304}.Debug|Any CPU.Build.0 = Debug|Any CPU
		{40803771-4539-423C-8AE6-A0E3048BE304}.Release|Any CPU.ActiveCfg = Release|Any CPU
		{40803771-4539-423C-8AE6-A0E3048BE304}.Release|Any CPU.Build.0 = Release|Any CPU
	EndGlobalSection
	GlobalSection(SolutionProperties) = preSolution
		HideSolutionNode = FALSE
	EndGlobalSection
	GlobalSection(ExtensibilityGlobals) = postSolution
		SolutionGuid = {142E4DC4-4605-4101-A7C5-E7835FC8BA09}
	EndGlobalSection
EndGlobal
